
Microsoft Visual Studio Solution File, Format Version 12.00
Project("{FAE04EC0-301F-11D3-BF4B-00C04F79EFBC}") = "BackendKrazyPlanetSurvivor", "BackendKrazyPlanetSurvivor\BackendKrazyPlanetSurvivor.csproj", "{F2754E47-F72D-4662-9C6D-E24BFCF5F42C}"
EndProject
Project("{FAE04EC0-301F-11D3-BF4B-00C04F79EFBC}") = "TursoConnector", "TursoConnector\TursoConnector.csproj", "{5EA57EBC-DD6A-46F1-A092-1DA656C36A30}"
EndProject
Global
	GlobalSection(SolutionConfigurationPlatforms) = preSolution
		Debug|Any CPU = Debug|Any CPU
		Release|Any CPU = Release|Any CPU
	EndGlobalSection
	GlobalSection(ProjectConfigurationPlatforms) = postSolution
		{F2754E47-F72D-4662-9C6D-E24BFCF5F42C}.Debug|Any CPU.ActiveCfg = Debug|Any CPU
		{F2754E47-F72D-4662-9C6D-E24BFCF5F42C}.Debug|Any CPU.Build.0 = Debug|Any CPU
		{F2754E47-F72D-4662-9C6D-E24BFCF5F42C}.Release|Any CPU.ActiveCfg = Release|Any CPU
		{F2754E47-F72D-4662-9C6D-E24BFCF5F42C}.Release|Any CPU.Build.0 = Release|Any CPU
		{5EA57EBC-DD6A-46F1-A092-1DA656C36A30}.Debug|Any CPU.ActiveCfg = Debug|Any CPU
		{5EA57EBC-DD6A-46F1-A092-1DA656C36A30}.Debug|Any CPU.Build.0 = Debug|Any CPU
		{5EA57EBC-DD6A-46F1-A092-1DA656C36A30}.Release|Any CPU.ActiveCfg = Release|Any CPU
		{5EA57EBC-DD6A-46F1-A092-1DA656C36A30}.Release|Any CPU.Build.0 = Release|Any CPU
	EndGlobalSection
EndGlobal
